
Microsoft Visual Studio Solution File, Format Version 12.00
# Visual Studio 14
VisualStudioVersion = 14.0.23107.0
MinimumVisualStudioVersion = 10.0.40219.1
Project("{FAE04EC0-301F-11D3-BF4B-00C04F79EFBC}") = "CapaDatos", "CapaDatos\CapaDatos.csproj", "{37677ABF-8F12-4F18-80A7-E49DFBEB33BC}"
EndProject
Project("{FAE04EC0-301F-11D3-BF4B-00C04F79EFBC}") = "CapaNegocio", "CapaNegocio\CapaNegocio.csproj", "{EEA4D766-B2C0-4B9F-94B6-F6EA9CD3FD48}"
EndProject
Project("{FAE04EC0-301F-11D3-BF4B-00C04F79EFBC}") = "CapaPresentacion", "CapaPresentacion\CapaPresentacion.csproj", "{85BDD9B9-639F-4B29-A284-105D90B8F1B8}"
EndProject
Global
	GlobalSection(SolutionConfigurationPlatforms) = preSolution
		Debug|Any CPU = Debug|Any CPU
		Release|Any CPU = Release|Any CPU
	EndGlobalSection
	GlobalSection(ProjectConfigurationPlatforms) = postSolution
		{37677ABF-8F12-4F18-80A7-E49DFBEB33BC}.Debug|Any CPU.ActiveCfg = Debug|Any CPU
		{37677ABF-8F12-4F18-80A7-E49DFBEB33BC}.Debug|Any CPU.Build.0 = Debug|Any CPU
		{37677ABF-8F12-4F18-80A7-E49DFBEB33BC}.Release|Any CPU.ActiveCfg = Release|Any CPU
		{37677ABF-8F12-4F18-80A7-E49DFBEB33BC}.Release|Any CPU.Build.0 = Release|Any CPU
		{EEA4D766-B2C0-4B9F-94B6-F6EA9CD3FD48}.Debug|Any CPU.ActiveCfg = Debug|Any CPU
		{EEA4D766-B2C0-4B9F-94B6-F6EA9CD3FD48}.Debug|Any CPU.Build.0 = Debug|Any CPU
		{EEA4D766-B2C0-4B9F-94B6-F6EA9CD3FD48}.Release|Any CPU.ActiveCfg = Release|Any CPU
		{EEA4D766-B2C0-4B9F-94B6-F6EA9CD3FD48}.Release|Any CPU.Build.0 = Release|Any CPU
		{85BDD9B9-639F-4B29-A284-105D90B8F1B8}.Debug|Any CPU.ActiveCfg = Debug|Any CPU
		{85BDD9B9-639F-4B29-A284-105D90B8F1B8}.Debug|Any CPU.Build.0 = Debug|Any CPU
		{85BDD9B9-639F-4B29-A284-105D90B8F1B8}.Release|Any CPU.ActiveCfg = Release|Any CPU
		{85BDD9B9-639F-4B29-A284-105D90B8F1B8}.Release|Any CPU.Build.0 = Release|Any CPU
	EndGlobalSection
	GlobalSection(SolutionProperties) = preSolution
		HideSolutionNode = FALSE
	EndGlobalSection
EndGlobal
